
Microsoft Visual Studio Solution File, Format Version 12.00
# Visual Studio 15
VisualStudioVersion = 15.0.28307.960
MinimumVisualStudioVersion = 10.0.40219.1
Project("{FAE04EC0-301F-11D3-BF4B-00C04F79EFBC}") = "1988216", "1988216\1988216.csproj", "{8FD5FFB2-EBD0-4AE3-A236-786D18265DC5}"
EndProject
Global
	GlobalSection(SolutionConfigurationPlatforms) = preSolution
		Debug|Any CPU = Debug|Any CPU
		Release|Any CPU = Release|Any CPU
	EndGlobalSection
	GlobalSection(ProjectConfigurationPlatforms) = postSolution
		{8FD5FFB2-EBD0-4AE3-A236-786D18265DC5}.Debug|Any CPU.ActiveCfg = Debug|Any CPU
		{8FD5FFB2-EBD0-4AE3-A236-786D18265DC5}.Debug|Any CPU.Build.0 = Debug|Any CPU
		{8FD5FFB2-EBD0-4AE3-A236-786D18265DC5}.Release|Any CPU.ActiveCfg = Release|Any CPU
		{8FD5FFB2-EBD0-4AE3-A236-786D18265DC5}.Release|Any CPU.Build.0 = Release|Any CPU
	EndGlobalSection
	GlobalSection(SolutionProperties) = preSolution
		HideSolutionNode = FALSE
	EndGlobalSection
	GlobalSection(ExtensibilityGlobals) = postSolution
		SolutionGuid = {4FE6CA14-FBD6-42D7-8966-01123A3D8602}
	EndGlobalSection
EndGlobal
